<Solution>
  <Folder Name="/apps/" />
  <Folder Name="/apps/api/">
    <Project Path="apps/api/VeritasAtlas.Api/VeritasAtlas.Api.csproj" />
    <Project Path="apps/api/VeritasAtlas.Application/VeritasAtlas.Application.csproj" />
    <Project Path="apps/api/VeritasAtlas.Domain/VeritasAtlas.Domain.csproj" />
    <Project Path="apps/api/VeritasAtlas.Infrastructure/VeritasAtlas.Infrastructure.csproj" />
  </Folder>
  <Folder Name="/tests/">
    <Project Path="tests/VeritasAtlas.Api.Tests/VeritasAtlas.Api.Tests.csproj" />
  </Folder>
</Solution>
